// !$*UTF8*$!
{
	archiveVersion = 1;
	classes = {
	};
	objectVersion = 56;
	objects = {

/* Begin PBXBuildFile section */
		F82E2CA62A7836B2000EEC1B /* WeMeetApp.swift in Sources */ = {isa = PBXBuildFile; fileRef = F82E2CA52A7836B2000EEC1B /* WeMeetApp.swift */; };
		F82E2CAA2A7836B4000EEC1B /* Assets.xcassets in Resources */ = {isa = PBXBuildFile; fileRef = F82E2CA92A7836B4000EEC1B /* Assets.xcassets */; };
		F82E2CAD2A7836B4000EEC1B /* Preview Assets.xcassets in Resources */ = {isa = PBXBuildFile; fileRef = F82E2CAC2A7836B4000EEC1B /* Preview Assets.xcassets */; };
		F82E2CAF2A7836B4000EEC1B /* Persistence.swift in Sources */ = {isa = PBXBuildFile; fileRef = F82E2CAE2A7836B4000EEC1B /* Persistence.swift */; };
		F82E2CB22A7836B4000EEC1B /* WeMeet.xcdatamodeld in Sources */ = {isa = PBXBuildFile; fileRef = F82E2CB02A7836B4000EEC1B /* WeMeet.xcdatamodeld */; };
		F82E2CBC2A7836B4000EEC1B /* WeMeetTests.swift in Sources */ = {isa = PBXBuildFile; fileRef = F82E2CBB2A7836B4000EEC1B /* WeMeetTests.swift */; };
		F82E2CC62A7836B4000EEC1B /* WeMeetUITests.swift in Sources */ = {isa = PBXBuildFile; fileRef = F82E2CC52A7836B4000EEC1B /* WeMeetUITests.swift */; };
		F82E2CC82A7836B4000EEC1B /* WeMeetUITestsLaunchTests.swift in Sources */ = {isa = PBXBuildFile; fileRef = F82E2CC72A7836B4000EEC1B /* WeMeetUITestsLaunchTests.swift */; };
		F82E2CDD2A784291000EEC1B /* RoomListView.swift in Sources */ = {isa = PBXBuildFile; fileRef = F82E2CDC2A784291000EEC1B /* RoomListView.swift */; };
		F82E2CDF2A78431A000EEC1B /* RoomListViewModel.swift in Sources */ = {isa = PBXBuildFile; fileRef = F82E2CDE2A78431A000EEC1B /* RoomListViewModel.swift */; };
/* End PBXBuildFile section */

/* Begin PBXContainerItemProxy section */
		F82E2CB82A7836B4000EEC1B /* PBXContainerItemProxy */ = {
			isa = PBXContainerItemProxy;
			containerPortal = F82E2C9A2A7836B2000EEC1B /* Project object */;
			proxyType = 1;
			remoteGlobalIDString = F82E2CA12A7836B2000EEC1B;
			remoteInfo = WeMeet;
		};
		F82E2CC22A7836B4000EEC1B /* PBXContainerItemProxy */ = {
			isa = PBXContainerItemProxy;
			containerPortal = F82E2C9A2A7836B2000EEC1B /* Project object */;
			proxyType = 1;
			remoteGlobalIDString = F82E2CA12A7836B2000EEC1B;
			remoteInfo = WeMeet;
		};
/* End PBXContainerItemProxy section */

/* Begin PBXFileReference section */
		F82E2CA22A7836B2000EEC1B /* WeMeet.app */ = {isa = PBXFileReference; explicitFileType = wrapper.application; includeInIndex = 0; path = WeMeet.app; sourceTree = BUILT_PRODUCTS_DIR; };
		F82E2CA52A7836B2000EEC1B /* WeMeetApp.swift */ = {isa = PBXFileReference; lastKnownFileType = sourcecode.swift; path = WeMeetApp.swift; sourceTree = "<group>"; };
		F82E2CA92A7836B4000EEC1B /* Assets.xcassets */ = {isa = PBXFileReference; lastKnownFileType = folder.assetcatalog; path = Assets.xcassets; sourceTree = "<group>"; };
		F82E2CAC2A7836B4000EEC1B /* Preview Assets.xcassets */ = {isa = PBXFileReference; lastKnownFileType = folder.assetcatalog; path = "Preview Assets.xcassets"; sourceTree = "<group>"; };
		F82E2CAE2A7836B4000EEC1B /* Persistence.swift */ = {isa = PBXFileReference; lastKnownFileType = sourcecode.swift; path = Persistence.swift; sourceTree = "<group>"; };
		F82E2CB12A7836B4000EEC1B /* WeMeet.xcdatamodel */ = {isa = PBXFileReference; lastKnownFileType = wrapper.xcdatamodel; path = WeMeet.xcdatamodel; sourceTree = "<group>"; };
		F82E2CB72A7836B4000EEC1B /* WeMeetTests.xctest */ = {isa = PBXFileReference; explicitFileType = wrapper.cfbundle; includeInIndex = 0; path = WeMeetTests.xctest; sourceTree = BUILT_PRODUCTS_DIR; };
		F82E2CBB2A7836B4000EEC1B /* WeMeetTests.swift */ = {isa = PBXFileReference; lastKnownFileType = sourcecode.swift; path = WeMeetTests.swift; sourceTree = "<group>"; };
		F82E2CC12A7836B4000EEC1B /* WeMeetUITests.xctest */ = {isa = PBXFileReference; explicitFileType = wrapper.cfbundle; includeInIndex = 0; path = WeMeetUITests.xctest; sourceTree = BUILT_PRODUCTS_DIR; };
		F82E2CC52A7836B4000EEC1B /* WeMeetUITests.swift */ = {isa = PBXFileReference; lastKnownFileType = sourcecode.swift; path = WeMeetUITests.swift; sourceTree = "<group>"; };
		F82E2CC72A7836B4000EEC1B /* WeMeetUITestsLaunchTests.swift */ = {isa = PBXFileReference; lastKnownFileType = sourcecode.swift; path = WeMeetUITestsLaunchTests.swift; sourceTree = "<group>"; };
		F82E2CDC2A784291000EEC1B /* RoomListView.swift */ = {isa = PBXFileReference; lastKnownFileType = sourcecode.swift; path = RoomListView.swift; sourceTree = "<group>"; };
		F82E2CDE2A78431A000EEC1B /* RoomListViewModel.swift */ = {isa = PBXFileReference; lastKnownFileType = sourcecode.swift; path = RoomListViewModel.swift; sourceTree = "<group>"; };
/* End PBXFileReference section */

/* Begin PBXFrameworksBuildPhase section */
		F82E2C9F2A7836B2000EEC1B /* Frameworks */ = {
			isa = PBXFrameworksBuildPhase;
			buildActionMask = 2147483647;
			files = (
			);
			runOnlyForDeploymentPostprocessing = 0;
		};
		F82E2CB42A7836B4000EEC1B /* Frameworks */ = {
			isa = PBXFrameworksBuildPhase;
			buildActionMask = 2147483647;
			files = (
			);
			runOnlyForDeploymentPostprocessing = 0;
		};
		F82E2CBE2A7836B4000EEC1B /* Frameworks */ = {
			isa = PBXFrameworksBuildPhase;
			buildActionMask = 2147483647;
			files = (
			);
			runOnlyForDeploymentPostprocessing = 0;
		};
/* End PBXFrameworksBuildPhase section */

/* Begin PBXGroup section */
		F82E2C992A7836B2000EEC1B = {
			isa = PBXGroup;
			children = (
				F82E2CA42A7836B2000EEC1B /* WeMeet */,
				F82E2CBA2A7836B4000EEC1B /* WeMeetTests */,
				F82E2CC42A7836B4000EEC1B /* WeMeetUITests */,
				F82E2CA32A7836B2000EEC1B /* Products */,
			);
			sourceTree = "<group>";
		};
		F82E2CA32A7836B2000EEC1B /* Products */ = {
			isa = PBXGroup;
			children = (
				F82E2CA22A7836B2000EEC1B /* WeMeet.app */,
				F82E2CB72A7836B4000EEC1B /* WeMeetTests.xctest */,
				F82E2CC12A7836B4000EEC1B /* WeMeetUITests.xctest */,
			);
			name = Products;
			sourceTree = "<group>";
		};
		F82E2CA42A7836B2000EEC1B /* WeMeet */ = {
			isa = PBXGroup;
			children = (
				F82E2CA52A7836B2000EEC1B /* WeMeetApp.swift */,
				F82E2CD62A784168000EEC1B /* Scenes */,
				F82E2CD52A783964000EEC1B /* Persistence */,
				F82E2CD42A783942000EEC1B /* Resources */,
			);
			path = WeMeet;
			sourceTree = "<group>";
		};
		F82E2CAB2A7836B4000EEC1B /* Preview Content */ = {
			isa = PBXGroup;
			children = (
				F82E2CAC2A7836B4000EEC1B /* Preview Assets.xcassets */,
			);
			path = "Preview Content";
			sourceTree = "<group>";
		};
		F82E2CBA2A7836B4000EEC1B /* WeMeetTests */ = {
			isa = PBXGroup;
			children = (
				F82E2CBB2A7836B4000EEC1B /* WeMeetTests.swift */,
			);
			path = WeMeetTests;
			sourceTree = "<group>";
		};
		F82E2CC42A7836B4000EEC1B /* WeMeetUITests */ = {
			isa = PBXGroup;
			children = (
				F82E2CC52A7836B4000EEC1B /* WeMeetUITests.swift */,
				F82E2CC72A7836B4000EEC1B /* WeMeetUITestsLaunchTests.swift */,
			);
			path = WeMeetUITests;
			sourceTree = "<group>";
		};
		F82E2CD42A783942000EEC1B /* Resources */ = {
			isa = PBXGroup;
			children = (
				F82E2CA92A7836B4000EEC1B /* Assets.xcassets */,
				F82E2CAB2A7836B4000EEC1B /* Preview Content */,
			);
			path = Resources;
			sourceTree = "<group>";
		};
		F82E2CD52A783964000EEC1B /* Persistence */ = {
			isa = PBXGroup;
			children = (
				F82E2CAE2A7836B4000EEC1B /* Persistence.swift */,
				F82E2CB02A7836B4000EEC1B /* WeMeet.xcdatamodeld */,
			);
			path = Persistence;
			sourceTree = "<group>";
		};
		F82E2CD62A784168000EEC1B /* Scenes */ = {
			isa = PBXGroup;
			children = (
				F82E2CDB2A784270000EEC1B /* Rooms */,
			);
			path = Scenes;
			sourceTree = "<group>";
		};
		F82E2CDB2A784270000EEC1B /* Rooms */ = {
			isa = PBXGroup;
			children = (
				F82E2CDC2A784291000EEC1B /* RoomListView.swift */,
				F82E2CDE2A78431A000EEC1B /* RoomListViewModel.swift */,
			);
			path = Rooms;
			sourceTree = "<group>";
		};
/* End PBXGroup section */

/* Begin PBXNativeTarget section */
		F82E2CA12A7836B2000EEC1B /* WeMeet */ = {
			isa = PBXNativeTarget;
			buildConfigurationList = F82E2CCB2A7836B4000EEC1B /* Build configuration list for PBXNativeTarget "WeMeet" */;
			buildPhases = (
				F82E2C9E2A7836B2000EEC1B /* Sources */,
				F82E2C9F2A7836B2000EEC1B /* Frameworks */,
				F82E2CA02A7836B2000EEC1B /* Resources */,
			);
			buildRules = (
			);
			dependencies = (
			);
			name = WeMeet;
			productName = WeMeet;
			productReference = F82E2CA22A7836B2000EEC1B /* WeMeet.app */;
			productType = "com.apple.product-type.application";
		};
		F82E2CB62A7836B4000EEC1B /* WeMeetTests */ = {
			isa = PBXNativeTarget;
			buildConfigurationList = F82E2CCE2A7836B4000EEC1B /* Build configuration list for PBXNativeTarget "WeMeetTests" */;
			buildPhases = (
				F82E2CB32A7836B4000EEC1B /* Sources */,
				F82E2CB42A7836B4000EEC1B /* Frameworks */,
				F82E2CB52A7836B4000EEC1B /* Resources */,
			);
			buildRules = (
			);
			dependencies = (
				F82E2CB92A7836B4000EEC1B /* PBXTargetDependency */,
			);
			name = WeMeetTests;
			productName = WeMeetTests;
			productReference = F82E2CB72A7836B4000EEC1B /* WeMeetTests.xctest */;
			productType = "com.apple.product-type.bundle.unit-test";
		};
		F82E2CC02A7836B4000EEC1B /* WeMeetUITests */ = {
			isa = PBXNativeTarget;
			buildConfigurationList = F82E2CD12A7836B4000EEC1B /* Build configuration list for PBXNativeTarget "WeMeetUITests" */;
			buildPhases = (
				F82E2CBD2A7836B4000EEC1B /* Sources */,
				F82E2CBE2A7836B4000EEC1B /* Frameworks */,
				F82E2CBF2A7836B4000EEC1B /* Resources */,
			);
			buildRules = (
			);
			dependencies = (
				F82E2CC32A7836B4000EEC1B /* PBXTargetDependency */,
			);
			name = WeMeetUITests;
			productName = WeMeetUITests;
			productReference = F82E2CC12A7836B4000EEC1B /* WeMeetUITests.xctest */;
			productType = "com.apple.product-type.bundle.ui-testing";
		};
/* End PBXNativeTarget section */

/* Begin PBXProject section */
		F82E2C9A2A7836B2000EEC1B /* Project object */ = {
			isa = PBXProject;
			attributes = {
				BuildIndependentTargetsInParallel = 1;
				LastSwiftUpdateCheck = 1430;
				LastUpgradeCheck = 1430;
				TargetAttributes = {
					F82E2CA12A7836B2000EEC1B = {
						CreatedOnToolsVersion = 14.3.1;
					};
					F82E2CB62A7836B4000EEC1B = {
						CreatedOnToolsVersion = 14.3.1;
						TestTargetID = F82E2CA12A7836B2000EEC1B;
					};
					F82E2CC02A7836B4000EEC1B = {
						CreatedOnToolsVersion = 14.3.1;
						TestTargetID = F82E2CA12A7836B2000EEC1B;
					};
				};
			};
			buildConfigurationList = F82E2C9D2A7836B2000EEC1B /* Build configuration list for PBXProject "WeMeet" */;
			compatibilityVersion = "Xcode 14.0";
			developmentRegion = en;
			hasScannedForEncodings = 0;
			knownRegions = (
				en,
				Base,
			);
			mainGroup = F82E2C992A7836B2000EEC1B;
			productRefGroup = F82E2CA32A7836B2000EEC1B /* Products */;
			projectDirPath = "";
			projectRoot = "";
			targets = (
				F82E2CA12A7836B2000EEC1B /* WeMeet */,
				F82E2CB62A7836B4000EEC1B /* WeMeetTests */,
				F82E2CC02A7836B4000EEC1B /* WeMeetUITests */,
			);
		};
/* End PBXProject section */

/* Begin PBXResourcesBuildPhase section */
		F82E2CA02A7836B2000EEC1B /* Resources */ = {
			isa = PBXResourcesBuildPhase;
			buildActionMask = 2147483647;
			files = (
				F82E2CAD2A7836B4000EEC1B /* Preview Assets.xcassets in Resources */,
				F82E2CAA2A7836B4000EEC1B /* Assets.xcassets in Resources */,
			);
			runOnlyForDeploymentPostprocessing = 0;
		};
		F82E2CB52A7836B4000EEC1B /* Resources */ = {
			isa = PBXResourcesBuildPhase;
			buildActionMask = 2147483647;
			files = (
			);
			runOnlyForDeploymentPostprocessing = 0;
		};
		F82E2CBF2A7836B4000EEC1B /* Resources */ = {
			isa = PBXResourcesBuildPhase;
			buildActionMask = 2147483647;
			files = (
			);
			runOnlyForDeploymentPostprocessing = 0;
		};
/* End PBXResourcesBuildPhase section */

/* Begin PBXSourcesBuildPhase section */
		F82E2C9E2A7836B2000EEC1B /* Sources */ = {
			isa = PBXSourcesBuildPhase;
			buildActionMask = 2147483647;
			files = (
				F82E2CAF2A7836B4000EEC1B /* Persistence.swift in Sources */,
				F82E2CDD2A784291000EEC1B /* RoomListView.swift in Sources */,
				F82E2CDF2A78431A000EEC1B /* RoomListViewModel.swift in Sources */,
				F82E2CB22A7836B4000EEC1B /* WeMeet.xcdatamodeld in Sources */,
				F82E2CA62A7836B2000EEC1B /* WeMeetApp.swift in Sources */,
			);
			runOnlyForDeploymentPostprocessing = 0;
		};
		F82E2CB32A7836B4000EEC1B /* Sources */ = {
			isa = PBXSourcesBuildPhase;
			buildActionMask = 2147483647;
			files = (
				F82E2CBC2A7836B4000EEC1B /* WeMeetTests.swift in Sources */,
			);
			runOnlyForDeploymentPostprocessing = 0;
		};
		F82E2CBD2A7836B4000EEC1B /* Sources */ = {
			isa = PBXSourcesBuildPhase;
			buildActionMask = 2147483647;
			files = (
				F82E2CC62A7836B4000EEC1B /* WeMeetUITests.swift in Sources */,
				F82E2CC82A7836B4000EEC1B /* WeMeetUITestsLaunchTests.swift in Sources */,
			);
			runOnlyForDeploymentPostprocessing = 0;
		};
/* End PBXSourcesBuildPhase section */

/* Begin PBXTargetDependency section */
		F82E2CB92A7836B4000EEC1B /* PBXTargetDependency */ = {
			isa = PBXTargetDependency;
			target = F82E2CA12A7836B2000EEC1B /* WeMeet */;
			targetProxy = F82E2CB82A7836B4000EEC1B /* PBXContainerItemProxy */;
		};
		F82E2CC32A7836B4000EEC1B /* PBXTargetDependency */ = {
			isa = PBXTargetDependency;
			target = F82E2CA12A7836B2000EEC1B /* WeMeet */;
			targetProxy = F82E2CC22A7836B4000EEC1B /* PBXContainerItemProxy */;
		};
/* End PBXTargetDependency section */

/* Begin XCBuildConfiguration section */
		F82E2CC92A7836B4000EEC1B /* Debug */ = {
			isa = XCBuildConfiguration;
			buildSettings = {
				ALWAYS_SEARCH_USER_PATHS = NO;
				CLANG_ANALYZER_NONNULL = YES;
				CLANG_ANALYZER_NUMBER_OBJECT_CONVERSION = YES_AGGRESSIVE;
				CLANG_CXX_LANGUAGE_STANDARD = "gnu++20";
				CLANG_ENABLE_MODULES = YES;
				CLANG_ENABLE_OBJC_ARC = YES;
				CLANG_ENABLE_OBJC_WEAK = YES;
				CLANG_WARN_BLOCK_CAPTURE_AUTORELEASING = YES;
				CLANG_WARN_BOOL_CONVERSION = YES;
				CLANG_WARN_COMMA = YES;
				CLANG_WARN_CONSTANT_CONVERSION = YES;
				CLANG_WARN_DEPRECATED_OBJC_IMPLEMENTATIONS = YES;
				CLANG_WARN_DIRECT_OBJC_ISA_USAGE = YES_ERROR;
				CLANG_WARN_DOCUMENTATION_COMMENTS = YES;
				CLANG_WARN_EMPTY_BODY = YES;
				CLANG_WARN_ENUM_CONVERSION = YES;
				CLANG_WARN_INFINITE_RECURSION = YES;
				CLANG_WARN_INT_CONVERSION = YES;
				CLANG_WARN_NON_LITERAL_NULL_CONVERSION = YES;
				CLANG_WARN_OBJC_IMPLICIT_RETAIN_SELF = YES;
				CLANG_WARN_OBJC_LITERAL_CONVERSION = YES;
				CLANG_WARN_OBJC_ROOT_CLASS = YES_ERROR;
				CLANG_WARN_QUOTED_INCLUDE_IN_FRAMEWORK_HEADER = YES;
				CLANG_WARN_RANGE_LOOP_ANALYSIS = YES;
				CLANG_WARN_STRICT_PROTOTYPES = YES;
				CLANG_WARN_SUSPICIOUS_MOVE = YES;
				CLANG_WARN_UNGUARDED_AVAILABILITY = YES_AGGRESSIVE;
				CLANG_WARN_UNREACHABLE_CODE = YES;
				CLANG_WARN__DUPLICATE_METHOD_MATCH = YES;
				COPY_PHASE_STRIP = NO;
				DEBUG_INFORMATION_FORMAT = dwarf;
				ENABLE_STRICT_OBJC_MSGSEND = YES;
				ENABLE_TESTABILITY = YES;
				GCC_C_LANGUAGE_STANDARD = gnu11;
				GCC_DYNAMIC_NO_PIC = NO;
				GCC_NO_COMMON_BLOCKS = YES;
				GCC_OPTIMIZATION_LEVEL = 0;
				GCC_PREPROCESSOR_DEFINITIONS = (
					"DEBUG=1",
					"$(inherited)",
				);
				GCC_WARN_64_TO_32_BIT_CONVERSION = YES;
				GCC_WARN_ABOUT_RETURN_TYPE = YES_ERROR;
				GCC_WARN_UNDECLARED_SELECTOR = YES;
				GCC_WARN_UNINITIALIZED_AUTOS = YES_AGGRESSIVE;
				GCC_WARN_UNUSED_FUNCTION = YES;
				GCC_WARN_UNUSED_VARIABLE = YES;
				IPHONEOS_DEPLOYMENT_TARGET = 16.4;
				MTL_ENABLE_DEBUG_INFO = INCLUDE_SOURCE;
				MTL_FAST_MATH = YES;
				ONLY_ACTIVE_ARCH = YES;
				SDKROOT = iphoneos;
				SWIFT_ACTIVE_COMPILATION_CONDITIONS = DEBUG;
				SWIFT_OPTIMIZATION_LEVEL = "-Onone";
			};
			name = Debug;
		};
		F82E2CCA2A7836B4000EEC1B /* Release */ = {
			isa = XCBuildConfiguration;
			buildSettings = {
				ALWAYS_SEARCH_USER_PATHS = NO;
				CLANG_ANALYZER_NONNULL = YES;
				CLANG_ANALYZER_NUMBER_OBJECT_CONVERSION = YES_AGGRESSIVE;
				CLANG_CXX_LANGUAGE_STANDARD = "gnu++20";
				CLANG_ENABLE_MODULES = YES;
				CLANG_ENABLE_OBJC_ARC = YES;
				CLANG_ENABLE_OBJC_WEAK = YES;
				CLANG_WARN_BLOCK_CAPTURE_AUTORELEASING = YES;
				CLANG_WARN_BOOL_CONVERSION = YES;
				CLANG_WARN_COMMA = YES;
				CLANG_WARN_CONSTANT_CONVERSION = YES;
				CLANG_WARN_DEPRECATED_OBJC_IMPLEMENTATIONS = YES;
				CLANG_WARN_DIRECT_OBJC_ISA_USAGE = YES_ERROR;
				CLANG_WARN_DOCUMENTATION_COMMENTS = YES;
				CLANG_WARN_EMPTY_BODY = YES;
				CLANG_WARN_ENUM_CONVERSION = YES;
				CLANG_WARN_INFINITE_RECURSION = YES;
				CLANG_WARN_INT_CONVERSION = YES;
				CLANG_WARN_NON_LITERAL_NULL_CONVERSION = YES;
				CLANG_WARN_OBJC_IMPLICIT_RETAIN_SELF = YES;
				CLANG_WARN_OBJC_LITERAL_CONVERSION = YES;
				CLANG_WARN_OBJC_ROOT_CLASS = YES_ERROR;
				CLANG_WARN_QUOTED_INCLUDE_IN_FRAMEWORK_HEADER = YES;
				CLANG_WARN_RANGE_LOOP_ANALYSIS = YES;
				CLANG_WARN_STRICT_PROTOTYPES = YES;
				CLANG_WARN_SUSPICIOUS_MOVE = YES;
				CLANG_WARN_UNGUARDED_AVAILABILITY = YES_AGGRESSIVE;
				CLANG_WARN_UNREACHABLE_CODE = YES;
				CLANG_WARN__DUPLICATE_METHOD_MATCH = YES;
				COPY_PHASE_STRIP = NO;
				DEBUG_INFORMATION_FORMAT = "dwarf-with-dsym";
				ENABLE_NS_ASSERTIONS = NO;
				ENABLE_STRICT_OBJC_MSGSEND = YES;
				GCC_C_LANGUAGE_STANDARD = gnu11;
				GCC_NO_COMMON_BLOCKS = YES;
				GCC_WARN_64_TO_32_BIT_CONVERSION = YES;
				GCC_WARN_ABOUT_RETURN_TYPE = YES_ERROR;
				GCC_WARN_UNDECLARED_SELECTOR = YES;
				GCC_WARN_UNINITIALIZED_AUTOS = YES_AGGRESSIVE;
				GCC_WARN_UNUSED_FUNCTION = YES;
				GCC_WARN_UNUSED_VARIABLE = YES;
				IPHONEOS_DEPLOYMENT_TARGET = 16.4;
				MTL_ENABLE_DEBUG_INFO = NO;
				MTL_FAST_MATH = YES;
				SDKROOT = iphoneos;
				SWIFT_COMPILATION_MODE = wholemodule;
				SWIFT_OPTIMIZATION_LEVEL = "-O";
				VALIDATE_PRODUCT = YES;
			};
			name = Release;
		};
		F82E2CCC2A7836B4000EEC1B /* Debug */ = {
			isa = XCBuildConfiguration;
			buildSettings = {
				ASSETCATALOG_COMPILER_APPICON_NAME = AppIcon;
				ASSETCATALOG_COMPILER_GLOBAL_ACCENT_COLOR_NAME = AccentColor;
				CODE_SIGN_STYLE = Automatic;
				CURRENT_PROJECT_VERSION = 1;
				DEVELOPMENT_ASSET_PATHS = "\"WeMeet/Resources/Preview Content\"";
				ENABLE_PREVIEWS = YES;
				GENERATE_INFOPLIST_FILE = YES;
				INFOPLIST_KEY_UIApplicationSceneManifest_Generation = YES;
				INFOPLIST_KEY_UIApplicationSupportsIndirectInputEvents = YES;
				INFOPLIST_KEY_UILaunchScreen_Generation = YES;
				INFOPLIST_KEY_UISupportedInterfaceOrientations_iPad = "UIInterfaceOrientationPortrait UIInterfaceOrientationPortraitUpsideDown UIInterfaceOrientationLandscapeLeft UIInterfaceOrientationLandscapeRight";
				INFOPLIST_KEY_UISupportedInterfaceOrientations_iPhone = "UIInterfaceOrientationPortrait UIInterfaceOrientationLandscapeLeft UIInterfaceOrientationLandscapeRight";
				LD_RUNPATH_SEARCH_PATHS = (
					"$(inherited)",
					"@executable_path/Frameworks",
				);
				MARKETING_VERSION = 1.0;
				PRODUCT_BUNDLE_IDENTIFIER = com.ajith.xyz.WeMeet;
				PRODUCT_NAME = "$(TARGET_NAME)";
				SWIFT_EMIT_LOC_STRINGS = YES;
				SWIFT_VERSION = 5.0;
				TARGETED_DEVICE_FAMILY = "1,2";
			};
			name = Debug;
		};
		F82E2CCD2A7836B4000EEC1B /* Release */ = {
			isa = XCBuildConfiguration;
			buildSettings = {
				ASSETCATALOG_COMPILER_APPICON_NAME = AppIcon;
				ASSETCATALOG_COMPILER_GLOBAL_ACCENT_COLOR_NAME = AccentColor;
				CODE_SIGN_STYLE = Automatic;
				CURRENT_PROJECT_VERSION = 1;
				DEVELOPMENT_ASSET_PATHS = "\"WeMeet/Resources/Preview Content\"";
				ENABLE_PREVIEWS = YES;
				GENERATE_INFOPLIST_FILE = YES;
				INFOPLIST_KEY_UIApplicationSceneManifest_Generation = YES;
				INFOPLIST_KEY_UIApplicationSupportsIndirectInputEvents = YES;
				INFOPLIST_KEY_UILaunchScreen_Generation = YES;
				INFOPLIST_KEY_UISupportedInterfaceOrientations_iPad = "UIInterfaceOrientationPortrait UIInterfaceOrientationPortraitUpsideDown UIInterfaceOrientationLandscapeLeft UIInterfaceOrientationLandscapeRight";
				INFOPLIST_KEY_UISupportedInterfaceOrientations_iPhone = "UIInterfaceOrientationPortrait UIInterfaceOrientationLandscapeLeft UIInterfaceOrientationLandscapeRight";
				LD_RUNPATH_SEARCH_PATHS = (
					"$(inherited)",
					"@executable_path/Frameworks",
				);
				MARKETING_VERSION = 1.0;
				PRODUCT_BUNDLE_IDENTIFIER = com.ajith.xyz.WeMeet;
				PRODUCT_NAME = "$(TARGET_NAME)";
				SWIFT_EMIT_LOC_STRINGS = YES;
				SWIFT_VERSION = 5.0;
				TARGETED_DEVICE_FAMILY = "1,2";
			};
			name = Release;
		};
		F82E2CCF2A7836B4000EEC1B /* Debug */ = {
			isa = XCBuildConfiguration;
			buildSettings = {
				ALWAYS_EMBED_SWIFT_STANDARD_LIBRARIES = YES;
				BUNDLE_LOADER = "$(TEST_HOST)";
				CODE_SIGN_STYLE = Automatic;
				CURRENT_PROJECT_VERSION = 1;
				GENERATE_INFOPLIST_FILE = YES;
				IPHONEOS_DEPLOYMENT_TARGET = 16.4;
				MARKETING_VERSION = 1.0;
				PRODUCT_BUNDLE_IDENTIFIER = com.ajith.xyz.WeMeetTests;
				PRODUCT_NAME = "$(TARGET_NAME)";
				SWIFT_EMIT_LOC_STRINGS = NO;
				SWIFT_VERSION = 5.0;
				TARGETED_DEVICE_FAMILY = "1,2";
				TEST_HOST = "$(BUILT_PRODUCTS_DIR)/WeMeet.app/$(BUNDLE_EXECUTABLE_FOLDER_PATH)/WeMeet";
			};
			name = Debug;
		};
		F82E2CD02A7836B4000EEC1B /* Release */ = {
			isa = XCBuildConfiguration;
			buildSettings = {
				ALWAYS_EMBED_SWIFT_STANDARD_LIBRARIES = YES;
				BUNDLE_LOADER = "$(TEST_HOST)";
				CODE_SIGN_STYLE = Automatic;
				CURRENT_PROJECT_VERSION = 1;
				GENERATE_INFOPLIST_FILE = YES;
				IPHONEOS_DEPLOYMENT_TARGET = 16.4;
				MARKETING_VERSION = 1.0;
				PRODUCT_BUNDLE_IDENTIFIER = com.ajith.xyz.WeMeetTests;
				PRODUCT_NAME = "$(TARGET_NAME)";
				SWIFT_EMIT_LOC_STRINGS = NO;
				SWIFT_VERSION = 5.0;
				TARGETED_DEVICE_FAMILY = "1,2";
				TEST_HOST = "$(BUILT_PRODUCTS_DIR)/WeMeet.app/$(BUNDLE_EXECUTABLE_FOLDER_PATH)/WeMeet";
			};
			name = Release;
		};
		F82E2CD22A7836B4000EEC1B /* Debug */ = {
			isa = XCBuildConfiguration;
			buildSettings = {
				ALWAYS_EMBED_SWIFT_STANDARD_LIBRARIES = YES;
				CODE_SIGN_STYLE = Automatic;
				CURRENT_PROJECT_VERSION = 1;
				GENERATE_INFOPLIST_FILE = YES;
				MARKETING_VERSION = 1.0;
				PRODUCT_BUNDLE_IDENTIFIER = com.ajith.xyz.WeMeetUITests;
				PRODUCT_NAME = "$(TARGET_NAME)";
				SWIFT_EMIT_LOC_STRINGS = NO;
				SWIFT_VERSION = 5.0;
				TARGETED_DEVICE_FAMILY = "1,2";
				TEST_TARGET_NAME = WeMeet;
			};
			name = Debug;
		};
		F82E2CD32A7836B4000EEC1B /* Release */ = {
			isa = XCBuildConfiguration;
			buildSettings = {
				ALWAYS_EMBED_SWIFT_STANDARD_LIBRARIES = YES;
				CODE_SIGN_STYLE = Automatic;
				CURRENT_PROJECT_VERSION = 1;
				GENERATE_INFOPLIST_FILE = YES;
				MARKETING_VERSION = 1.0;
				PRODUCT_BUNDLE_IDENTIFIER = com.ajith.xyz.WeMeetUITests;
				PRODUCT_NAME = "$(TARGET_NAME)";
				SWIFT_EMIT_LOC_STRINGS = NO;
				SWIFT_VERSION = 5.0;
				TARGETED_DEVICE_FAMILY = "1,2";
				TEST_TARGET_NAME = WeMeet;
			};
			name = Release;
		};
/* End XCBuildConfiguration section */

/* Begin XCConfigurationList section */
		F82E2C9D2A7836B2000EEC1B /* Build configuration list for PBXProject "WeMeet" */ = {
			isa = XCConfigurationList;
			buildConfigurations = (
				F82E2CC92A7836B4000EEC1B /* Debug */,
				F82E2CCA2A7836B4000EEC1B /* Release */,
			);
			defaultConfigurationIsVisible = 0;
			defaultConfigurationName = Release;
		};
		F82E2CCB2A7836B4000EEC1B /* Build configuration list for PBXNativeTarget "WeMeet" */ = {
			isa = XCConfigurationList;
			buildConfigurations = (
				F82E2CCC2A7836B4000EEC1B /* Debug */,
				F82E2CCD2A7836B4000EEC1B /* Release */,
			);
			defaultConfigurationIsVisible = 0;
			defaultConfigurationName = Release;
		};
		F82E2CCE2A7836B4000EEC1B /* Build configuration list for PBXNativeTarget "WeMeetTests" */ = {
			isa = XCConfigurationList;
			buildConfigurations = (
				F82E2CCF2A7836B4000EEC1B /* Debug */,
				F82E2CD02A7836B4000EEC1B /* Release */,
			);
			defaultConfigurationIsVisible = 0;
			defaultConfigurationName = Release;
		};
		F82E2CD12A7836B4000EEC1B /* Build configuration list for PBXNativeTarget "WeMeetUITests" */ = {
			isa = XCConfigurationList;
			buildConfigurations = (
				F82E2CD22A7836B4000EEC1B /* Debug */,
				F82E2CD32A7836B4000EEC1B /* Release */,
			);
			defaultConfigurationIsVisible = 0;
			defaultConfigurationName = Release;
		};
/* End XCConfigurationList section */

/* Begin XCVersionGroup section */
		F82E2CB02A7836B4000EEC1B /* WeMeet.xcdatamodeld */ = {
			isa = XCVersionGroup;
			children = (
				F82E2CB12A7836B4000EEC1B /* WeMeet.xcdatamodel */,
			);
			currentVersion = F82E2CB12A7836B4000EEC1B /* WeMeet.xcdatamodel */;
			path = WeMeet.xcdatamodeld;
			sourceTree = "<group>";
			versionGroupType = wrapper.xcdatamodel;
		};
/* End XCVersionGroup section */
	};
	rootObject = F82E2C9A2A7836B2000EEC1B /* Project object */;
}
